<?xml version="1.0" encoding="UTF-8" standalone="yes" ?>
<CodeBlocks_project_file>
	<FileVersion major="1" minor="6" />
	<Project>
		<Option title="Gestion Robot dans un labyrinthe" />
		<Option pch_mode="2" />
		<Option compiler="gcc" />
		<Build>
			<Target title="Debug">
				<Option output="bin/Debug/Gestion Robot dans un labyrinthe" prefix_auto="1" extension_auto="1" />
				<Option object_output="obj/Debug/" />
				<Option type="1" />
				<Option compiler="gcc" />
				<Compiler>
					<Add option="-g" />
				</Compiler>
			</Target>
			<Target title="Release">
				<Option output="bin/Release/Gestion Robot dans un labyrinthe" prefix_auto="1" extension_auto="1" />
				<Option object_output="obj/Release/" />
				<Option type="1" />
				<Option compiler="gcc" />
				<Compiler>
					<Add option="-O2" />
				</Compiler>
				<Linker>
					<Add option="-s" />
				</Linker>
			</Target>
		</Build>
		<Compiler>
			<Add option="-Wall" />
			<Add option="-fexceptions" />
		</Compiler>
		<Unit filename=".gitignore" />
		<Unit filename="caseBordureMur.cpp" />
		<Unit filename="caseBordureMur.h" />
		<Unit filename="caseMur.cpp" />
		<Unit filename="caseMur.h" />
		<Unit filename="cases.cpp" />
		<Unit filename="cases.h" />
		<Unit filename="fenetre.cpp" />
		<Unit filename="fenetre.h" />
		<Unit filename="fenetreAffichage.cpp" />
		<Unit filename="fenetreAffichage.h" />
		<Unit filename="graphics.h" />
		<Unit filename="menu.cpp" />
		<Unit filename="point.cpp" />
		<Unit filename="point.h" />
		<Unit filename="programmeVisualisationRobot.cpp" />
		<Unit filename="programmeVisualisationRobot.h" />
		<Unit filename="programmeVisualisationRobotAvance.cpp" />
		<Unit filename="programmeVisualisationRobotAvance.h" />
		<Unit filename="programmeVisualisationRobotAvanceDeplacements.cpp" />
		<Unit filename="programmeVisualisationRobotAvanceDeplacements.h" />
		<Unit filename="programmeVisualisationRobotDeplacements.cpp" />
		<Unit filename="programmeVisualisationRobotDeplacements.h" />
		<Unit filename="robot.cpp" />
		<Unit filename="robot.h" />
		<Unit filename="robotAvance.cpp" />
		<Unit filename="robotAvance.h" />
		<Unit filename="terrain.cpp" />
		<Unit filename="terrain.h" />
		<Unit filename="winbgi.cpp" />
		<Extensions>
			<code_completion />
			<envvars />
			<debugger />
		</Extensions>
	</Project>
</CodeBlocks_project_file>
